
Microsoft Visual Studio Solution File, Format Version 11.00
# Visual Studio 2010
Project("{FAE04EC0-301F-11D3-BF4B-00C04F79EFBC}") = "Assembly-CSharp", "Assembly-CSharp.csproj", "{D7296F24-5B8A-2069-80ED-C031A147080C}"
EndProject
Project("{FAE04EC0-301F-11D3-BF4B-00C04F79EFBC}") = "Assembly-CSharp-Editor", "Assembly-CSharp-Editor.csproj", "{D9D1A35D-5BA9-7C2D-97D5-71CBBF24A7C2}"
EndProject
Global
	GlobalSection(SolutionConfigurationPlatforms) = preSolution
		Debug|Any CPU = Debug|Any CPU
		Release|Any CPU = Release|Any CPU
	EndGlobalSection
	GlobalSection(ProjectConfigurationPlatforms) = postSolution
		{D7296F24-5B8A-2069-80ED-C031A147080C}.Debug|Any CPU.ActiveCfg = Debug|Any CPU
		{D7296F24-5B8A-2069-80ED-C031A147080C}.Debug|Any CPU.Build.0 = Debug|Any CPU
		{D7296F24-5B8A-2069-80ED-C031A147080C}.Release|Any CPU.ActiveCfg = Release|Any CPU
		{D7296F24-5B8A-2069-80ED-C031A147080C}.Release|Any CPU.Build.0 = Release|Any CPU
		{D9D1A35D-5BA9-7C2D-97D5-71CBBF24A7C2}.Debug|Any CPU.ActiveCfg = Debug|Any CPU
		{D9D1A35D-5BA9-7C2D-97D5-71CBBF24A7C2}.Debug|Any CPU.Build.0 = Debug|Any CPU
		{D9D1A35D-5BA9-7C2D-97D5-71CBBF24A7C2}.Release|Any CPU.ActiveCfg = Release|Any CPU
		{D9D1A35D-5BA9-7C2D-97D5-71CBBF24A7C2}.Release|Any CPU.Build.0 = Release|Any CPU
	EndGlobalSection
	GlobalSection(SolutionProperties) = preSolution
		HideSolutionNode = FALSE
	EndGlobalSection
	GlobalSection(MonoDevelopProperties) = preSolution
		StartupItem = Assembly-CSharp.csproj
	EndGlobalSection
EndGlobal
